// !$*UTF8*$!
{
	archiveVersion = 1;
	classes = {
	};
	objectVersion = 56;
	objects = {

/* Begin PBXBuildFile section */
		9F6FCB202926522200539046 /* OkashiData.swift in Sources */ = {isa = PBXBuildFile; fileRef = 9F6FCB1F2926522200539046 /* OkashiData.swift */; };
		9F9949402924E205006AC5B8 /* YuusOkashiApp.swift in Sources */ = {isa = PBXBuildFile; fileRef = 9F99493F2924E205006AC5B8 /* YuusOkashiApp.swift */; };
		9F9949422924E205006AC5B8 /* ContentView.swift in Sources */ = {isa = PBXBuildFile; fileRef = 9F9949412924E205006AC5B8 /* ContentView.swift */; };
		9F9949442924E206006AC5B8 /* Assets.xcassets in Resources */ = {isa = PBXBuildFile; fileRef = 9F9949432924E206006AC5B8 /* Assets.xcassets */; };
		9F9949472924E206006AC5B8 /* Preview Assets.xcassets in Resources */ = {isa = PBXBuildFile; fileRef = 9F9949462924E206006AC5B8 /* Preview Assets.xcassets */; };
		9F9949512924E206006AC5B8 /* YuusOkashiTests.swift in Sources */ = {isa = PBXBuildFile; fileRef = 9F9949502924E206006AC5B8 /* YuusOkashiTests.swift */; };
		9F99495B2924E206006AC5B8 /* YuusOkashiUITests.swift in Sources */ = {isa = PBXBuildFile; fileRef = 9F99495A2924E206006AC5B8 /* YuusOkashiUITests.swift */; };
		9F99495D2924E206006AC5B8 /* YuusOkashiUITestsLaunchTests.swift in Sources */ = {isa = PBXBuildFile; fileRef = 9F99495C2924E206006AC5B8 /* YuusOkashiUITestsLaunchTests.swift */; };
/* End PBXBuildFile section */

/* Begin PBXContainerItemProxy section */
		9F99494D2924E206006AC5B8 /* PBXContainerItemProxy */ = {
			isa = PBXContainerItemProxy;
			containerPortal = 9F9949342924E205006AC5B8 /* Project object */;
			proxyType = 1;
			remoteGlobalIDString = 9F99493B2924E205006AC5B8;
			remoteInfo = YuusOkashi;
		};
		9F9949572924E206006AC5B8 /* PBXContainerItemProxy */ = {
			isa = PBXContainerItemProxy;
			containerPortal = 9F9949342924E205006AC5B8 /* Project object */;
			proxyType = 1;
			remoteGlobalIDString = 9F99493B2924E205006AC5B8;
			remoteInfo = YuusOkashi;
		};
/* End PBXContainerItemProxy section */

/* Begin PBXFileReference section */
		9F6FCB1F2926522200539046 /* OkashiData.swift */ = {isa = PBXFileReference; lastKnownFileType = sourcecode.swift; path = OkashiData.swift; sourceTree = "<group>"; };
		9F99493C2924E205006AC5B8 /* YuusOkashi.app */ = {isa = PBXFileReference; explicitFileType = wrapper.application; includeInIndex = 0; path = YuusOkashi.app; sourceTree = BUILT_PRODUCTS_DIR; };
		9F99493F2924E205006AC5B8 /* YuusOkashiApp.swift */ = {isa = PBXFileReference; lastKnownFileType = sourcecode.swift; path = YuusOkashiApp.swift; sourceTree = "<group>"; };
		9F9949412924E205006AC5B8 /* ContentView.swift */ = {isa = PBXFileReference; lastKnownFileType = sourcecode.swift; path = ContentView.swift; sourceTree = "<group>"; };
		9F9949432924E206006AC5B8 /* Assets.xcassets */ = {isa = PBXFileReference; lastKnownFileType = folder.assetcatalog; path = Assets.xcassets; sourceTree = "<group>"; };
		9F9949462924E206006AC5B8 /* Preview Assets.xcassets */ = {isa = PBXFileReference; lastKnownFileType = folder.assetcatalog; path = "Preview Assets.xcassets"; sourceTree = "<group>"; };
		9F99494C2924E206006AC5B8 /* YuusOkashiTests.xctest */ = {isa = PBXFileReference; explicitFileType = wrapper.cfbundle; includeInIndex = 0; path = YuusOkashiTests.xctest; sourceTree = BUILT_PRODUCTS_DIR; };
		9F9949502924E206006AC5B8 /* YuusOkashiTests.swift */ = {isa = PBXFileReference; lastKnownFileType = sourcecode.swift; path = YuusOkashiTests.swift; sourceTree = "<group>"; };
		9F9949562924E206006AC5B8 /* YuusOkashiUITests.xctest */ = {isa = PBXFileReference; explicitFileType = wrapper.cfbundle; includeInIndex = 0; path = YuusOkashiUITests.xctest; sourceTree = BUILT_PRODUCTS_DIR; };
		9F99495A2924E206006AC5B8 /* YuusOkashiUITests.swift */ = {isa = PBXFileReference; lastKnownFileType = sourcecode.swift; path = YuusOkashiUITests.swift; sourceTree = "<group>"; };
		9F99495C2924E206006AC5B8 /* YuusOkashiUITestsLaunchTests.swift */ = {isa = PBXFileReference; lastKnownFileType = sourcecode.swift; path = YuusOkashiUITestsLaunchTests.swift; sourceTree = "<group>"; };
/* End PBXFileReference section */

/* Begin PBXFrameworksBuildPhase section */
		9F9949392924E205006AC5B8 /* Frameworks */ = {
			isa = PBXFrameworksBuildPhase;
			buildActionMask = 2147483647;
			files = (
			);
			runOnlyForDeploymentPostprocessing = 0;
		};
		9F9949492924E206006AC5B8 /* Frameworks */ = {
			isa = PBXFrameworksBuildPhase;
			buildActionMask = 2147483647;
			files = (
			);
			runOnlyForDeploymentPostprocessing = 0;
		};
		9F9949532924E206006AC5B8 /* Frameworks */ = {
			isa = PBXFrameworksBuildPhase;
			buildActionMask = 2147483647;
			files = (
			);
			runOnlyForDeploymentPostprocessing = 0;
		};
/* End PBXFrameworksBuildPhase section */

/* Begin PBXGroup section */
		9F9949332924E205006AC5B8 = {
			isa = PBXGroup;
			children = (
				9F99493E2924E205006AC5B8 /* YuusOkashi */,
				9F99494F2924E206006AC5B8 /* YuusOkashiTests */,
				9F9949592924E206006AC5B8 /* YuusOkashiUITests */,
				9F99493D2924E205006AC5B8 /* Products */,
			);
			sourceTree = "<group>";
		};
		9F99493D2924E205006AC5B8 /* Products */ = {
			isa = PBXGroup;
			children = (
				9F99493C2924E205006AC5B8 /* YuusOkashi.app */,
				9F99494C2924E206006AC5B8 /* YuusOkashiTests.xctest */,
				9F9949562924E206006AC5B8 /* YuusOkashiUITests.xctest */,
			);
			name = Products;
			sourceTree = "<group>";
		};
		9F99493E2924E205006AC5B8 /* YuusOkashi */ = {
			isa = PBXGroup;
			children = (
				9F99493F2924E205006AC5B8 /* YuusOkashiApp.swift */,
				9F9949412924E205006AC5B8 /* ContentView.swift */,
				9F6FCB1F2926522200539046 /* OkashiData.swift */,
				9F9949432924E206006AC5B8 /* Assets.xcassets */,
				9F9949452924E206006AC5B8 /* Preview Content */,
			);
			path = YuusOkashi;
			sourceTree = "<group>";
		};
		9F9949452924E206006AC5B8 /* Preview Content */ = {
			isa = PBXGroup;
			children = (
				9F9949462924E206006AC5B8 /* Preview Assets.xcassets */,
			);
			path = "Preview Content";
			sourceTree = "<group>";
		};
		9F99494F2924E206006AC5B8 /* YuusOkashiTests */ = {
			isa = PBXGroup;
			children = (
				9F9949502924E206006AC5B8 /* YuusOkashiTests.swift */,
			);
			path = YuusOkashiTests;
			sourceTree = "<group>";
		};
		9F9949592924E206006AC5B8 /* YuusOkashiUITests */ = {
			isa = PBXGroup;
			children = (
				9F99495A2924E206006AC5B8 /* YuusOkashiUITests.swift */,
				9F99495C2924E206006AC5B8 /* YuusOkashiUITestsLaunchTests.swift */,
			);
			path = YuusOkashiUITests;
			sourceTree = "<group>";
		};
/* End PBXGroup section */

/* Begin PBXNativeTarget section */
		9F99493B2924E205006AC5B8 /* YuusOkashi */ = {
			isa = PBXNativeTarget;
			buildConfigurationList = 9F9949602924E206006AC5B8 /* Build configuration list for PBXNativeTarget "YuusOkashi" */;
			buildPhases = (
				9F9949382924E205006AC5B8 /* Sources */,
				9F9949392924E205006AC5B8 /* Frameworks */,
				9F99493A2924E205006AC5B8 /* Resources */,
			);
			buildRules = (
			);
			dependencies = (
			);
			name = YuusOkashi;
			productName = YuusOkashi;
			productReference = 9F99493C2924E205006AC5B8 /* YuusOkashi.app */;
			productType = "com.apple.product-type.application";
		};
		9F99494B2924E206006AC5B8 /* YuusOkashiTests */ = {
			isa = PBXNativeTarget;
			buildConfigurationList = 9F9949632924E206006AC5B8 /* Build configuration list for PBXNativeTarget "YuusOkashiTests" */;
			buildPhases = (
				9F9949482924E206006AC5B8 /* Sources */,
				9F9949492924E206006AC5B8 /* Frameworks */,
				9F99494A2924E206006AC5B8 /* Resources */,
			);
			buildRules = (
			);
			dependencies = (
				9F99494E2924E206006AC5B8 /* PBXTargetDependency */,
			);
			name = YuusOkashiTests;
			productName = YuusOkashiTests;
			productReference = 9F99494C2924E206006AC5B8 /* YuusOkashiTests.xctest */;
			productType = "com.apple.product-type.bundle.unit-test";
		};
		9F9949552924E206006AC5B8 /* YuusOkashiUITests */ = {
			isa = PBXNativeTarget;
			buildConfigurationList = 9F9949662924E206006AC5B8 /* Build configuration list for PBXNativeTarget "YuusOkashiUITests" */;
			buildPhases = (
				9F9949522924E206006AC5B8 /* Sources */,
				9F9949532924E206006AC5B8 /* Frameworks */,
				9F9949542924E206006AC5B8 /* Resources */,
			);
			buildRules = (
			);
			dependencies = (
				9F9949582924E206006AC5B8 /* PBXTargetDependency */,
			);
			name = YuusOkashiUITests;
			productName = YuusOkashiUITests;
			productReference = 9F9949562924E206006AC5B8 /* YuusOkashiUITests.xctest */;
			productType = "com.apple.product-type.bundle.ui-testing";
		};
/* End PBXNativeTarget section */

/* Begin PBXProject section */
		9F9949342924E205006AC5B8 /* Project object */ = {
			isa = PBXProject;
			attributes = {
				BuildIndependentTargetsInParallel = 1;
				LastSwiftUpdateCheck = 1410;
				LastUpgradeCheck = 1410;
				TargetAttributes = {
					9F99493B2924E205006AC5B8 = {
						CreatedOnToolsVersion = 14.1;
					};
					9F99494B2924E206006AC5B8 = {
						CreatedOnToolsVersion = 14.1;
						TestTargetID = 9F99493B2924E205006AC5B8;
					};
					9F9949552924E206006AC5B8 = {
						CreatedOnToolsVersion = 14.1;
						TestTargetID = 9F99493B2924E205006AC5B8;
					};
				};
			};
			buildConfigurationList = 9F9949372924E205006AC5B8 /* Build configuration list for PBXProject "YuusOkashi" */;
			compatibilityVersion = "Xcode 14.0";
			developmentRegion = en;
			hasScannedForEncodings = 0;
			knownRegions = (
				en,
				Base,
			);
			mainGroup = 9F9949332924E205006AC5B8;
			productRefGroup = 9F99493D2924E205006AC5B8 /* Products */;
			projectDirPath = "";
			projectRoot = "";
			targets = (
				9F99493B2924E205006AC5B8 /* YuusOkashi */,
				9F99494B2924E206006AC5B8 /* YuusOkashiTests */,
				9F9949552924E206006AC5B8 /* YuusOkashiUITests */,
			);
		};
/* End PBXProject section */

/* Begin PBXResourcesBuildPhase section */
		9F99493A2924E205006AC5B8 /* Resources */ = {
			isa = PBXResourcesBuildPhase;
			buildActionMask = 2147483647;
			files = (
				9F9949472924E206006AC5B8 /* Preview Assets.xcassets in Resources */,
				9F9949442924E206006AC5B8 /* Assets.xcassets in Resources */,
			);
			runOnlyForDeploymentPostprocessing = 0;
		};
		9F99494A2924E206006AC5B8 /* Resources */ = {
			isa = PBXResourcesBuildPhase;
			buildActionMask = 2147483647;
			files = (
			);
			runOnlyForDeploymentPostprocessing = 0;
		};
		9F9949542924E206006AC5B8 /* Resources */ = {
			isa = PBXResourcesBuildPhase;
			buildActionMask = 2147483647;
			files = (
			);
			runOnlyForDeploymentPostprocessing = 0;
		};
/* End PBXResourcesBuildPhase section */

/* Begin PBXSourcesBuildPhase section */
		9F9949382924E205006AC5B8 /* Sources */ = {
			isa = PBXSourcesBuildPhase;
			buildActionMask = 2147483647;
			files = (
				9F9949422924E205006AC5B8 /* ContentView.swift in Sources */,
				9F6FCB202926522200539046 /* OkashiData.swift in Sources */,
				9F9949402924E205006AC5B8 /* YuusOkashiApp.swift in Sources */,
			);
			runOnlyForDeploymentPostprocessing = 0;
		};
		9F9949482924E206006AC5B8 /* Sources */ = {
			isa = PBXSourcesBuildPhase;
			buildActionMask = 2147483647;
			files = (
				9F9949512924E206006AC5B8 /* YuusOkashiTests.swift in Sources */,
			);
			runOnlyForDeploymentPostprocessing = 0;
		};
		9F9949522924E206006AC5B8 /* Sources */ = {
			isa = PBXSourcesBuildPhase;
			buildActionMask = 2147483647;
			files = (
				9F99495B2924E206006AC5B8 /* YuusOkashiUITests.swift in Sources */,
				9F99495D2924E206006AC5B8 /* YuusOkashiUITestsLaunchTests.swift in Sources */,
			);
			runOnlyForDeploymentPostprocessing = 0;
		};
/* End PBXSourcesBuildPhase section */

/* Begin PBXTargetDependency section */
		9F99494E2924E206006AC5B8 /* PBXTargetDependency */ = {
			isa = PBXTargetDependency;
			target = 9F99493B2924E205006AC5B8 /* YuusOkashi */;
			targetProxy = 9F99494D2924E206006AC5B8 /* PBXContainerItemProxy */;
		};
		9F9949582924E206006AC5B8 /* PBXTargetDependency */ = {
			isa = PBXTargetDependency;
			target = 9F99493B2924E205006AC5B8 /* YuusOkashi */;
			targetProxy = 9F9949572924E206006AC5B8 /* PBXContainerItemProxy */;
		};
/* End PBXTargetDependency section */

/* Begin XCBuildConfiguration section */
		9F99495E2924E206006AC5B8 /* Debug */ = {
			isa = XCBuildConfiguration;
			buildSettings = {
				ALWAYS_SEARCH_USER_PATHS = NO;
				CLANG_ANALYZER_NONNULL = YES;
				CLANG_ANALYZER_NUMBER_OBJECT_CONVERSION = YES_AGGRESSIVE;
				CLANG_CXX_LANGUAGE_STANDARD = "gnu++20";
				CLANG_ENABLE_MODULES = YES;
				CLANG_ENABLE_OBJC_ARC = YES;
				CLANG_ENABLE_OBJC_WEAK = YES;
				CLANG_WARN_BLOCK_CAPTURE_AUTORELEASING = YES;
				CLANG_WARN_BOOL_CONVERSION = YES;
				CLANG_WARN_COMMA = YES;
				CLANG_WARN_CONSTANT_CONVERSION = YES;
				CLANG_WARN_DEPRECATED_OBJC_IMPLEMENTATIONS = YES;
				CLANG_WARN_DIRECT_OBJC_ISA_USAGE = YES_ERROR;
				CLANG_WARN_DOCUMENTATION_COMMENTS = YES;
				CLANG_WARN_EMPTY_BODY = YES;
				CLANG_WARN_ENUM_CONVERSION = YES;
				CLANG_WARN_INFINITE_RECURSION = YES;
				CLANG_WARN_INT_CONVERSION = YES;
				CLANG_WARN_NON_LITERAL_NULL_CONVERSION = YES;
				CLANG_WARN_OBJC_IMPLICIT_RETAIN_SELF = YES;
				CLANG_WARN_OBJC_LITERAL_CONVERSION = YES;
				CLANG_WARN_OBJC_ROOT_CLASS = YES_ERROR;
				CLANG_WARN_QUOTED_INCLUDE_IN_FRAMEWORK_HEADER = YES;
				CLANG_WARN_RANGE_LOOP_ANALYSIS = YES;
				CLANG_WARN_STRICT_PROTOTYPES = YES;
				CLANG_WARN_SUSPICIOUS_MOVE = YES;
				CLANG_WARN_UNGUARDED_AVAILABILITY = YES_AGGRESSIVE;
				CLANG_WARN_UNREACHABLE_CODE = YES;
				CLANG_WARN__DUPLICATE_METHOD_MATCH = YES;
				COPY_PHASE_STRIP = NO;
				DEBUG_INFORMATION_FORMAT = dwarf;
				ENABLE_STRICT_OBJC_MSGSEND = YES;
				ENABLE_TESTABILITY = YES;
				GCC_C_LANGUAGE_STANDARD = gnu11;
				GCC_DYNAMIC_NO_PIC = NO;
				GCC_NO_COMMON_BLOCKS = YES;
				GCC_OPTIMIZATION_LEVEL = 0;
				GCC_PREPROCESSOR_DEFINITIONS = (
					"DEBUG=1",
					"$(inherited)",
				);
				GCC_WARN_64_TO_32_BIT_CONVERSION = YES;
				GCC_WARN_ABOUT_RETURN_TYPE = YES_ERROR;
				GCC_WARN_UNDECLARED_SELECTOR = YES;
				GCC_WARN_UNINITIALIZED_AUTOS = YES_AGGRESSIVE;
				GCC_WARN_UNUSED_FUNCTION = YES;
				GCC_WARN_UNUSED_VARIABLE = YES;
				IPHONEOS_DEPLOYMENT_TARGET = 16.1;
				MTL_ENABLE_DEBUG_INFO = INCLUDE_SOURCE;
				MTL_FAST_MATH = YES;
				ONLY_ACTIVE_ARCH = YES;
				SDKROOT = iphoneos;
				SWIFT_ACTIVE_COMPILATION_CONDITIONS = DEBUG;
				SWIFT_OPTIMIZATION_LEVEL = "-Onone";
			};
			name = Debug;
		};
		9F99495F2924E206006AC5B8 /* Release */ = {
			isa = XCBuildConfiguration;
			buildSettings = {
				ALWAYS_SEARCH_USER_PATHS = NO;
				CLANG_ANALYZER_NONNULL = YES;
				CLANG_ANALYZER_NUMBER_OBJECT_CONVERSION = YES_AGGRESSIVE;
				CLANG_CXX_LANGUAGE_STANDARD = "gnu++20";
				CLANG_ENABLE_MODULES = YES;
				CLANG_ENABLE_OBJC_ARC = YES;
				CLANG_ENABLE_OBJC_WEAK = YES;
				CLANG_WARN_BLOCK_CAPTURE_AUTORELEASING = YES;
				CLANG_WARN_BOOL_CONVERSION = YES;
				CLANG_WARN_COMMA = YES;
				CLANG_WARN_CONSTANT_CONVERSION = YES;
				CLANG_WARN_DEPRECATED_OBJC_IMPLEMENTATIONS = YES;
				CLANG_WARN_DIRECT_OBJC_ISA_USAGE = YES_ERROR;
				CLANG_WARN_DOCUMENTATION_COMMENTS = YES;
				CLANG_WARN_EMPTY_BODY = YES;
				CLANG_WARN_ENUM_CONVERSION = YES;
				CLANG_WARN_INFINITE_RECURSION = YES;
				CLANG_WARN_INT_CONVERSION = YES;
				CLANG_WARN_NON_LITERAL_NULL_CONVERSION = YES;
				CLANG_WARN_OBJC_IMPLICIT_RETAIN_SELF = YES;
				CLANG_WARN_OBJC_LITERAL_CONVERSION = YES;
				CLANG_WARN_OBJC_ROOT_CLASS = YES_ERROR;
				CLANG_WARN_QUOTED_INCLUDE_IN_FRAMEWORK_HEADER = YES;
				CLANG_WARN_RANGE_LOOP_ANALYSIS = YES;
				CLANG_WARN_STRICT_PROTOTYPES = YES;
				CLANG_WARN_SUSPICIOUS_MOVE = YES;
				CLANG_WARN_UNGUARDED_AVAILABILITY = YES_AGGRESSIVE;
				CLANG_WARN_UNREACHABLE_CODE = YES;
				CLANG_WARN__DUPLICATE_METHOD_MATCH = YES;
				COPY_PHASE_STRIP = NO;
				DEBUG_INFORMATION_FORMAT = "dwarf-with-dsym";
				ENABLE_NS_ASSERTIONS = NO;
				ENABLE_STRICT_OBJC_MSGSEND = YES;
				GCC_C_LANGUAGE_STANDARD = gnu11;
				GCC_NO_COMMON_BLOCKS = YES;
				GCC_WARN_64_TO_32_BIT_CONVERSION = YES;
				GCC_WARN_ABOUT_RETURN_TYPE = YES_ERROR;
				GCC_WARN_UNDECLARED_SELECTOR = YES;
				GCC_WARN_UNINITIALIZED_AUTOS = YES_AGGRESSIVE;
				GCC_WARN_UNUSED_FUNCTION = YES;
				GCC_WARN_UNUSED_VARIABLE = YES;
				IPHONEOS_DEPLOYMENT_TARGET = 16.1;
				MTL_ENABLE_DEBUG_INFO = NO;
				MTL_FAST_MATH = YES;
				SDKROOT = iphoneos;
				SWIFT_COMPILATION_MODE = wholemodule;
				SWIFT_OPTIMIZATION_LEVEL = "-O";
				VALIDATE_PRODUCT = YES;
			};
			name = Release;
		};
		9F9949612924E206006AC5B8 /* Debug */ = {
			isa = XCBuildConfiguration;
			buildSettings = {
				ASSETCATALOG_COMPILER_APPICON_NAME = AppIcon;
				ASSETCATALOG_COMPILER_GLOBAL_ACCENT_COLOR_NAME = AccentColor;
				CODE_SIGN_STYLE = Automatic;
				CURRENT_PROJECT_VERSION = 1;
				DEVELOPMENT_ASSET_PATHS = "\"YuusOkashi/Preview Content\"";
				DEVELOPMENT_TEAM = 6Y2468JT4C;
				ENABLE_PREVIEWS = YES;
				GENERATE_INFOPLIST_FILE = YES;
				INFOPLIST_KEY_UIApplicationSceneManifest_Generation = YES;
				INFOPLIST_KEY_UIApplicationSupportsIndirectInputEvents = YES;
				INFOPLIST_KEY_UILaunchScreen_Generation = YES;
				INFOPLIST_KEY_UISupportedInterfaceOrientations_iPad = "UIInterfaceOrientationPortrait UIInterfaceOrientationPortraitUpsideDown UIInterfaceOrientationLandscapeLeft UIInterfaceOrientationLandscapeRight";
				INFOPLIST_KEY_UISupportedInterfaceOrientations_iPhone = "UIInterfaceOrientationPortrait UIInterfaceOrientationLandscapeLeft UIInterfaceOrientationLandscapeRight";
				LD_RUNPATH_SEARCH_PATHS = (
					"$(inherited)",
					"@executable_path/Frameworks",
				);
				MARKETING_VERSION = 1.0;
				PRODUCT_BUNDLE_IDENTIFIER = "Yuus-Swift-Biginners.YuusOkashi";
				PRODUCT_NAME = "$(TARGET_NAME)";
				SWIFT_EMIT_LOC_STRINGS = YES;
				SWIFT_VERSION = 5.0;
				TARGETED_DEVICE_FAMILY = "1,2";
			};
			name = Debug;
		};
		9F9949622924E206006AC5B8 /* Release */ = {
			isa = XCBuildConfiguration;
			buildSettings = {
				ASSETCATALOG_COMPILER_APPICON_NAME = AppIcon;
				ASSETCATALOG_COMPILER_GLOBAL_ACCENT_COLOR_NAME = AccentColor;
				CODE_SIGN_STYLE = Automatic;
				CURRENT_PROJECT_VERSION = 1;
				DEVELOPMENT_ASSET_PATHS = "\"YuusOkashi/Preview Content\"";
				DEVELOPMENT_TEAM = 6Y2468JT4C;
				ENABLE_PREVIEWS = YES;
				GENERATE_INFOPLIST_FILE = YES;
				INFOPLIST_KEY_UIApplicationSceneManifest_Generation = YES;
				INFOPLIST_KEY_UIApplicationSupportsIndirectInputEvents = YES;
				INFOPLIST_KEY_UILaunchScreen_Generation = YES;
				INFOPLIST_KEY_UISupportedInterfaceOrientations_iPad = "UIInterfaceOrientationPortrait UIInterfaceOrientationPortraitUpsideDown UIInterfaceOrientationLandscapeLeft UIInterfaceOrientationLandscapeRight";
				INFOPLIST_KEY_UISupportedInterfaceOrientations_iPhone = "UIInterfaceOrientationPortrait UIInterfaceOrientationLandscapeLeft UIInterfaceOrientationLandscapeRight";
				LD_RUNPATH_SEARCH_PATHS = (
					"$(inherited)",
					"@executable_path/Frameworks",
				);
				MARKETING_VERSION = 1.0;
				PRODUCT_BUNDLE_IDENTIFIER = "Yuus-Swift-Biginners.YuusOkashi";
				PRODUCT_NAME = "$(TARGET_NAME)";
				SWIFT_EMIT_LOC_STRINGS = YES;
				SWIFT_VERSION = 5.0;
				TARGETED_DEVICE_FAMILY = "1,2";
			};
			name = Release;
		};
		9F9949642924E206006AC5B8 /* Debug */ = {
			isa = XCBuildConfiguration;
			buildSettings = {
				ALWAYS_EMBED_SWIFT_STANDARD_LIBRARIES = YES;
				BUNDLE_LOADER = "$(TEST_HOST)";
				CODE_SIGN_STYLE = Automatic;
				CURRENT_PROJECT_VERSION = 1;
				DEVELOPMENT_TEAM = 6Y2468JT4C;
				GENERATE_INFOPLIST_FILE = YES;
				IPHONEOS_DEPLOYMENT_TARGET = 16.1;
				MARKETING_VERSION = 1.0;
				PRODUCT_BUNDLE_IDENTIFIER = "Yuus-Swift-Biginners.YuusOkashiTests";
				PRODUCT_NAME = "$(TARGET_NAME)";
				SWIFT_EMIT_LOC_STRINGS = NO;
				SWIFT_VERSION = 5.0;
				TARGETED_DEVICE_FAMILY = "1,2";
				TEST_HOST = "$(BUILT_PRODUCTS_DIR)/YuusOkashi.app/$(BUNDLE_EXECUTABLE_FOLDER_PATH)/YuusOkashi";
			};
			name = Debug;
		};
		9F9949652924E206006AC5B8 /* Release */ = {
			isa = XCBuildConfiguration;
			buildSettings = {
				ALWAYS_EMBED_SWIFT_STANDARD_LIBRARIES = YES;
				BUNDLE_LOADER = "$(TEST_HOST)";
				CODE_SIGN_STYLE = Automatic;
				CURRENT_PROJECT_VERSION = 1;
				DEVELOPMENT_TEAM = 6Y2468JT4C;
				GENERATE_INFOPLIST_FILE = YES;
				IPHONEOS_DEPLOYMENT_TARGET = 16.1;
				MARKETING_VERSION = 1.0;
				PRODUCT_BUNDLE_IDENTIFIER = "Yuus-Swift-Biginners.YuusOkashiTests";
				PRODUCT_NAME = "$(TARGET_NAME)";
				SWIFT_EMIT_LOC_STRINGS = NO;
				SWIFT_VERSION = 5.0;
				TARGETED_DEVICE_FAMILY = "1,2";
				TEST_HOST = "$(BUILT_PRODUCTS_DIR)/YuusOkashi.app/$(BUNDLE_EXECUTABLE_FOLDER_PATH)/YuusOkashi";
			};
			name = Release;
		};
		9F9949672924E206006AC5B8 /* Debug */ = {
			isa = XCBuildConfiguration;
			buildSettings = {
				ALWAYS_EMBED_SWIFT_STANDARD_LIBRARIES = YES;
				CODE_SIGN_STYLE = Automatic;
				CURRENT_PROJECT_VERSION = 1;
				DEVELOPMENT_TEAM = 6Y2468JT4C;
				GENERATE_INFOPLIST_FILE = YES;
				MARKETING_VERSION = 1.0;
				PRODUCT_BUNDLE_IDENTIFIER = "Yuus-Swift-Biginners.YuusOkashiUITests";
				PRODUCT_NAME = "$(TARGET_NAME)";
				SWIFT_EMIT_LOC_STRINGS = NO;
				SWIFT_VERSION = 5.0;
				TARGETED_DEVICE_FAMILY = "1,2";
				TEST_TARGET_NAME = YuusOkashi;
			};
			name = Debug;
		};
		9F9949682924E206006AC5B8 /* Release */ = {
			isa = XCBuildConfiguration;
			buildSettings = {
				ALWAYS_EMBED_SWIFT_STANDARD_LIBRARIES = YES;
				CODE_SIGN_STYLE = Automatic;
				CURRENT_PROJECT_VERSION = 1;
				DEVELOPMENT_TEAM = 6Y2468JT4C;
				GENERATE_INFOPLIST_FILE = YES;
				MARKETING_VERSION = 1.0;
				PRODUCT_BUNDLE_IDENTIFIER = "Yuus-Swift-Biginners.YuusOkashiUITests";
				PRODUCT_NAME = "$(TARGET_NAME)";
				SWIFT_EMIT_LOC_STRINGS = NO;
				SWIFT_VERSION = 5.0;
				TARGETED_DEVICE_FAMILY = "1,2";
				TEST_TARGET_NAME = YuusOkashi;
			};
			name = Release;
		};
/* End XCBuildConfiguration section */

/* Begin XCConfigurationList section */
		9F9949372924E205006AC5B8 /* Build configuration list for PBXProject "YuusOkashi" */ = {
			isa = XCConfigurationList;
			buildConfigurations = (
				9F99495E2924E206006AC5B8 /* Debug */,
				9F99495F2924E206006AC5B8 /* Release */,
			);
			defaultConfigurationIsVisible = 0;
			defaultConfigurationName = Release;
		};
		9F9949602924E206006AC5B8 /* Build configuration list for PBXNativeTarget "YuusOkashi" */ = {
			isa = XCConfigurationList;
			buildConfigurations = (
				9F9949612924E206006AC5B8 /* Debug */,
				9F9949622924E206006AC5B8 /* Release */,
			);
			defaultConfigurationIsVisible = 0;
			defaultConfigurationName = Release;
		};
		9F9949632924E206006AC5B8 /* Build configuration list for PBXNativeTarget "YuusOkashiTests" */ = {
			isa = XCConfigurationList;
			buildConfigurations = (
				9F9949642924E206006AC5B8 /* Debug */,
				9F9949652924E206006AC5B8 /* Release */,
			);
			defaultConfigurationIsVisible = 0;
			defaultConfigurationName = Release;
		};
		9F9949662924E206006AC5B8 /* Build configuration list for PBXNativeTarget "YuusOkashiUITests" */ = {
			isa = XCConfigurationList;
			buildConfigurations = (
				9F9949672924E206006AC5B8 /* Debug */,
				9F9949682924E206006AC5B8 /* Release */,
			);
			defaultConfigurationIsVisible = 0;
			defaultConfigurationName = Release;
		};
/* End XCConfigurationList section */
	};
	rootObject = 9F9949342924E205006AC5B8 /* Project object */;
}
